
Microsoft Visual Studio Solution File, Format Version 12.00
# Visual Studio 15
VisualStudioVersion = 15.0.27130.2036
MinimumVisualStudioVersion = 10.0.40219.1
Project("{9A19103F-16F7-4668-BE54-9A1E7A4F7556}") = "DAL", "DAL\DAL.csproj", "{9FED8CE3-FDE4-482F-AD96-629B2991F3E2}"
EndProject
Project("{9A19103F-16F7-4668-BE54-9A1E7A4F7556}") = "App.BLL", "App.BLL\App.BLL.csproj", "{A7A83620-9BBC-4D45-806B-9D11B073B0EA}"
EndProject
Project("{9A19103F-16F7-4668-BE54-9A1E7A4F7556}") = "App", "App\App.csproj", "{3A299AB6-23CD-43D2-A0CC-6B19B22EC785}"
EndProject
Global
	GlobalSection(SolutionConfigurationPlatforms) = preSolution
		Debug|Any CPU = Debug|Any CPU
		Release|Any CPU = Release|Any CPU
	EndGlobalSection
	GlobalSection(ProjectConfigurationPlatforms) = postSolution
		{9FED8CE3-FDE4-482F-AD96-629B2991F3E2}.Debug|Any CPU.ActiveCfg = Debug|Any CPU
		{9FED8CE3-FDE4-482F-AD96-629B2991F3E2}.Debug|Any CPU.Build.0 = Debug|Any CPU
		{9FED8CE3-FDE4-482F-AD96-629B2991F3E2}.Release|Any CPU.ActiveCfg = Release|Any CPU
		{9FED8CE3-FDE4-482F-AD96-629B2991F3E2}.Release|Any CPU.Build.0 = Release|Any CPU
		{A7A83620-9BBC-4D45-806B-9D11B073B0EA}.Debug|Any CPU.ActiveCfg = Debug|Any CPU
		{A7A83620-9BBC-4D45-806B-9D11B073B0EA}.Debug|Any CPU.Build.0 = Debug|Any CPU
		{A7A83620-9BBC-4D45-806B-9D11B073B0EA}.Release|Any CPU.ActiveCfg = Release|Any CPU
		{A7A83620-9BBC-4D45-806B-9D11B073B0EA}.Release|Any CPU.Build.0 = Release|Any CPU
		{3A299AB6-23CD-43D2-A0CC-6B19B22EC785}.Debug|Any CPU.ActiveCfg = Debug|Any CPU
		{3A299AB6-23CD-43D2-A0CC-6B19B22EC785}.Debug|Any CPU.Build.0 = Debug|Any CPU
		{3A299AB6-23CD-43D2-A0CC-6B19B22EC785}.Release|Any CPU.ActiveCfg = Release|Any CPU
		{3A299AB6-23CD-43D2-A0CC-6B19B22EC785}.Release|Any CPU.Build.0 = Release|Any CPU
	EndGlobalSection
	GlobalSection(SolutionProperties) = preSolution
		HideSolutionNode = FALSE
	EndGlobalSection
	GlobalSection(ExtensibilityGlobals) = postSolution
		SolutionGuid = {53C1F6A3-8DD7-4783-BA6C-7A2CF798A19C}
	EndGlobalSection
EndGlobal
